// !$*UTF8*$!
{
	archiveVersion = 1;
	classes = {
	};
	objectVersion = 50;
	objects = {

/* Begin PBXBuildFile section */
		3BCBBAF9214A14B900212930 /* AppDelegate.swift in Sources */ = {isa = PBXBuildFile; fileRef = 3BCBBAF8214A14B900212930 /* AppDelegate.swift */; };
		3BCBBAFB214A14B900212930 /* ViewController.swift in Sources */ = {isa = PBXBuildFile; fileRef = 3BCBBAFA214A14B900212930 /* ViewController.swift */; };
		3BCBBAFE214A14B900212930 /* Main.storyboard in Resources */ = {isa = PBXBuildFile; fileRef = 3BCBBAFC214A14B900212930 /* Main.storyboard */; };
		3BCBBB00214A14BB00212930 /* Assets.xcassets in Resources */ = {isa = PBXBuildFile; fileRef = 3BCBBAFF214A14BB00212930 /* Assets.xcassets */; };
		3BCBBB03214A14BB00212930 /* LaunchScreen.storyboard in Resources */ = {isa = PBXBuildFile; fileRef = 3BCBBB01214A14BB00212930 /* LaunchScreen.storyboard */; };
		3BCBBB28214A16A500212930 /* opencv2.framework in Frameworks */ = {isa = PBXBuildFile; fileRef = 3BCBBB27214A16A500212930 /* opencv2.framework */; };
		3BCBBB33214A16CE00212930 /* CoreGraphics.framework in Frameworks */ = {isa = PBXBuildFile; fileRef = 3BCBBB29214A16CD00212930 /* CoreGraphics.framework */; };
		3BCBBB34214A16CE00212930 /* AVFoundation.framework in Frameworks */ = {isa = PBXBuildFile; fileRef = 3BCBBB2A214A16CD00212930 /* AVFoundation.framework */; };
		3BCBBB35214A16CE00212930 /* AssetsLibrary.framework in Frameworks */ = {isa = PBXBuildFile; fileRef = 3BCBBB2B214A16CD00212930 /* AssetsLibrary.framework */; };
		3BCBBB36214A16CE00212930 /* CoreFoundation.framework in Frameworks */ = {isa = PBXBuildFile; fileRef = 3BCBBB2C214A16CD00212930 /* CoreFoundation.framework */; };
		3BCBBB37214A16CE00212930 /* CoreMedia.framework in Frameworks */ = {isa = PBXBuildFile; fileRef = 3BCBBB2D214A16CD00212930 /* CoreMedia.framework */; };
		3BCBBB38214A16CE00212930 /* CoreVideo.framework in Frameworks */ = {isa = PBXBuildFile; fileRef = 3BCBBB2E214A16CD00212930 /* CoreVideo.framework */; };
		3BCBBB39214A16CE00212930 /* Foundation.framework in Frameworks */ = {isa = PBXBuildFile; fileRef = 3BCBBB2F214A16CD00212930 /* Foundation.framework */; };
		3BCBBB3A214A16CE00212930 /* QuartzCore.framework in Frameworks */ = {isa = PBXBuildFile; fileRef = 3BCBBB30214A16CD00212930 /* QuartzCore.framework */; };
		3BCBBB3B214A16CE00212930 /* Accelerate.framework in Frameworks */ = {isa = PBXBuildFile; fileRef = 3BCBBB31214A16CD00212930 /* Accelerate.framework */; };
		3BCBBB3C214A16CE00212930 /* CoreImage.framework in Frameworks */ = {isa = PBXBuildFile; fileRef = 3BCBBB32214A16CE00212930 /* CoreImage.framework */; };
		3BCBBB40214A1C7F00212930 /* TutorialWrapper.mm in Sources */ = {isa = PBXBuildFile; fileRef = 3BCBBB3F214A1C7F00212930 /* TutorialWrapper.mm */; };
		3BCBBB45214A25E600212930 /* FrameProcessor.mm in Sources */ = {isa = PBXBuildFile; fileRef = 3BCBBB41214A25E500212930 /* FrameProcessor.mm */; };
		3BCBBB46214A25E600212930 /* VideoSource.mm in Sources */ = {isa = PBXBuildFile; fileRef = 3BCBBB42214A25E500212930 /* VideoSource.mm */; };
		3BCBBB48214A32D500212930 /* bvlgari_earing.png in Resources */ = {isa = PBXBuildFile; fileRef = 3BCBBB47214A32D500212930 /* bvlgari_earing.png */; };
		3BCBBB55214A37DD00212930 /* ARingiOS.framework in Frameworks */ = {isa = PBXBuildFile; fileRef = 3BCBBB54214A37DD00212930 /* ARingiOS.framework */; };
		3BCBBB56214A37DD00212930 /* ARingiOS.framework in Embed Frameworks */ = {isa = PBXBuildFile; fileRef = 3BCBBB54214A37DD00212930 /* ARingiOS.framework */; settings = {ATTRIBUTES = (CodeSignOnCopy, RemoveHeadersOnCopy, ); }; };
/* End PBXBuildFile section */

/* Begin PBXCopyFilesBuildPhase section */
		3BCBBB57214A37DD00212930 /* Embed Frameworks */ = {
			isa = PBXCopyFilesBuildPhase;
			buildActionMask = 2147483647;
			dstPath = "";
			dstSubfolderSpec = 10;
			files = (
				3BCBBB56214A37DD00212930 /* ARingiOS.framework in Embed Frameworks */,
			);
			name = "Embed Frameworks";
			runOnlyForDeploymentPostprocessing = 0;
		};
/* End PBXCopyFilesBuildPhase section */

/* Begin PBXFileReference section */
		3BCBBAF5214A14B900212930 /* Tutorial.app */ = {isa = PBXFileReference; explicitFileType = wrapper.application; includeInIndex = 0; path = Tutorial.app; sourceTree = BUILT_PRODUCTS_DIR; };
		3BCBBAF8214A14B900212930 /* AppDelegate.swift */ = {isa = PBXFileReference; lastKnownFileType = sourcecode.swift; path = AppDelegate.swift; sourceTree = "<group>"; };
		3BCBBAFA214A14B900212930 /* ViewController.swift */ = {isa = PBXFileReference; lastKnownFileType = sourcecode.swift; path = ViewController.swift; sourceTree = "<group>"; };
		3BCBBAFD214A14B900212930 /* Base */ = {isa = PBXFileReference; lastKnownFileType = file.storyboard; name = Base; path = Base.lproj/Main.storyboard; sourceTree = "<group>"; };
		3BCBBAFF214A14BB00212930 /* Assets.xcassets */ = {isa = PBXFileReference; lastKnownFileType = folder.assetcatalog; path = Assets.xcassets; sourceTree = "<group>"; };
		3BCBBB02214A14BB00212930 /* Base */ = {isa = PBXFileReference; lastKnownFileType = file.storyboard; name = Base; path = Base.lproj/LaunchScreen.storyboard; sourceTree = "<group>"; };
		3BCBBB04214A14BB00212930 /* Info.plist */ = {isa = PBXFileReference; lastKnownFileType = text.plist.xml; path = Info.plist; sourceTree = "<group>"; };
		3BCBBB27214A16A500212930 /* opencv2.framework */ = {isa = PBXFileReference; lastKnownFileType = wrapper.framework; name = opencv2.framework; path = ../../ARingiOSApp/ARingiOSApp/opencv2.framework; sourceTree = "<group>"; };
		3BCBBB29214A16CD00212930 /* CoreGraphics.framework */ = {isa = PBXFileReference; lastKnownFileType = wrapper.framework; name = CoreGraphics.framework; path = System/Library/Frameworks/CoreGraphics.framework; sourceTree = SDKROOT; };
		3BCBBB2A214A16CD00212930 /* AVFoundation.framework */ = {isa = PBXFileReference; lastKnownFileType = wrapper.framework; name = AVFoundation.framework; path = System/Library/Frameworks/AVFoundation.framework; sourceTree = SDKROOT; };
		3BCBBB2B214A16CD00212930 /* AssetsLibrary.framework */ = {isa = PBXFileReference; lastKnownFileType = wrapper.framework; name = AssetsLibrary.framework; path = System/Library/Frameworks/AssetsLibrary.framework; sourceTree = SDKROOT; };
		3BCBBB2C214A16CD00212930 /* CoreFoundation.framework */ = {isa = PBXFileReference; lastKnownFileType = wrapper.framework; name = CoreFoundation.framework; path = System/Library/Frameworks/CoreFoundation.framework; sourceTree = SDKROOT; };
		3BCBBB2D214A16CD00212930 /* CoreMedia.framework */ = {isa = PBXFileReference; lastKnownFileType = wrapper.framework; name = CoreMedia.framework; path = System/Library/Frameworks/CoreMedia.framework; sourceTree = SDKROOT; };
		3BCBBB2E214A16CD00212930 /* CoreVideo.framework */ = {isa = PBXFileReference; lastKnownFileType = wrapper.framework; name = CoreVideo.framework; path = System/Library/Frameworks/CoreVideo.framework; sourceTree = SDKROOT; };
		3BCBBB2F214A16CD00212930 /* Foundation.framework */ = {isa = PBXFileReference; lastKnownFileType = wrapper.framework; name = Foundation.framework; path = System/Library/Frameworks/Foundation.framework; sourceTree = SDKROOT; };
		3BCBBB30214A16CD00212930 /* QuartzCore.framework */ = {isa = PBXFileReference; lastKnownFileType = wrapper.framework; name = QuartzCore.framework; path = System/Library/Frameworks/QuartzCore.framework; sourceTree = SDKROOT; };
		3BCBBB31214A16CD00212930 /* Accelerate.framework */ = {isa = PBXFileReference; lastKnownFileType = wrapper.framework; name = Accelerate.framework; path = System/Library/Frameworks/Accelerate.framework; sourceTree = SDKROOT; };
		3BCBBB32214A16CE00212930 /* CoreImage.framework */ = {isa = PBXFileReference; lastKnownFileType = wrapper.framework; name = CoreImage.framework; path = System/Library/Frameworks/CoreImage.framework; sourceTree = SDKROOT; };
		3BCBBB3D214A1C7F00212930 /* Tutorial-Bridging-Header.h */ = {isa = PBXFileReference; lastKnownFileType = sourcecode.c.h; path = "Tutorial-Bridging-Header.h"; sourceTree = "<group>"; };
		3BCBBB3E214A1C7F00212930 /* TutorialWrapper.h */ = {isa = PBXFileReference; lastKnownFileType = sourcecode.c.h; path = TutorialWrapper.h; sourceTree = "<group>"; };
		3BCBBB3F214A1C7F00212930 /* TutorialWrapper.mm */ = {isa = PBXFileReference; lastKnownFileType = sourcecode.cpp.objcpp; path = TutorialWrapper.mm; sourceTree = "<group>"; };
		3BCBBB41214A25E500212930 /* FrameProcessor.mm */ = {isa = PBXFileReference; fileEncoding = 4; lastKnownFileType = sourcecode.cpp.objcpp; path = FrameProcessor.mm; sourceTree = "<group>"; };
		3BCBBB42214A25E500212930 /* VideoSource.mm */ = {isa = PBXFileReference; fileEncoding = 4; lastKnownFileType = sourcecode.cpp.objcpp; path = VideoSource.mm; sourceTree = "<group>"; };
		3BCBBB43214A25E500212930 /* FrameProcessor.h */ = {isa = PBXFileReference; fileEncoding = 4; lastKnownFileType = sourcecode.c.h; path = FrameProcessor.h; sourceTree = "<group>"; };
		3BCBBB44214A25E600212930 /* VideoSource.h */ = {isa = PBXFileReference; fileEncoding = 4; lastKnownFileType = sourcecode.c.h; path = VideoSource.h; sourceTree = "<group>"; };
		3BCBBB47214A32D500212930 /* bvlgari_earing.png */ = {isa = PBXFileReference; lastKnownFileType = image.png; path = bvlgari_earing.png; sourceTree = "<group>"; };
		3BCBBB54214A37DD00212930 /* ARingiOS.framework */ = {isa = PBXFileReference; lastKnownFileType = wrapper.framework; path = ARingiOS.framework; sourceTree = "<group>"; };
/* End PBXFileReference section */

/* Begin PBXFrameworksBuildPhase section */
		3BCBBAF2214A14B900212930 /* Frameworks */ = {
			isa = PBXFrameworksBuildPhase;
			buildActionMask = 2147483647;
			files = (
				3BCBBB33214A16CE00212930 /* CoreGraphics.framework in Frameworks */,
				3BCBBB34214A16CE00212930 /* AVFoundation.framework in Frameworks */,
				3BCBBB35214A16CE00212930 /* AssetsLibrary.framework in Frameworks */,
				3BCBBB36214A16CE00212930 /* CoreFoundation.framework in Frameworks */,
				3BCBBB37214A16CE00212930 /* CoreMedia.framework in Frameworks */,
				3BCBBB38214A16CE00212930 /* CoreVideo.framework in Frameworks */,
				3BCBBB39214A16CE00212930 /* Foundation.framework in Frameworks */,
				3BCBBB3A214A16CE00212930 /* QuartzCore.framework in Frameworks */,
				3BCBBB3B214A16CE00212930 /* Accelerate.framework in Frameworks */,
				3BCBBB3C214A16CE00212930 /* CoreImage.framework in Frameworks */,
				3BCBBB55214A37DD00212930 /* ARingiOS.framework in Frameworks */,
				3BCBBB28214A16A500212930 /* opencv2.framework in Frameworks */,
			);
			runOnlyForDeploymentPostprocessing = 0;
		};
/* End PBXFrameworksBuildPhase section */

/* Begin PBXGroup section */
		3BCBBAEC214A14B900212930 = {
			isa = PBXGroup;
			children = (
				3BCBBB47214A32D500212930 /* bvlgari_earing.png */,
				3BCBBAF7214A14B900212930 /* Tutorial */,
				3BCBBAF6214A14B900212930 /* Products */,
				3BCBBB0A214A152700212930 /* Frameworks */,
			);
			sourceTree = "<group>";
		};
		3BCBBAF6214A14B900212930 /* Products */ = {
			isa = PBXGroup;
			children = (
				3BCBBAF5214A14B900212930 /* Tutorial.app */,
			);
			name = Products;
			sourceTree = "<group>";
		};
		3BCBBAF7214A14B900212930 /* Tutorial */ = {
			isa = PBXGroup;
			children = (
				3BCBBB43214A25E500212930 /* FrameProcessor.h */,
				3BCBBB41214A25E500212930 /* FrameProcessor.mm */,
				3BCBBB44214A25E600212930 /* VideoSource.h */,
				3BCBBB42214A25E500212930 /* VideoSource.mm */,
				3BCBBAF8214A14B900212930 /* AppDelegate.swift */,
				3BCBBAFA214A14B900212930 /* ViewController.swift */,
				3BCBBAFC214A14B900212930 /* Main.storyboard */,
				3BCBBAFF214A14BB00212930 /* Assets.xcassets */,
				3BCBBB01214A14BB00212930 /* LaunchScreen.storyboard */,
				3BCBBB04214A14BB00212930 /* Info.plist */,
				3BCBBB3E214A1C7F00212930 /* TutorialWrapper.h */,
				3BCBBB3F214A1C7F00212930 /* TutorialWrapper.mm */,
				3BCBBB3D214A1C7F00212930 /* Tutorial-Bridging-Header.h */,
			);
			path = Tutorial;
			sourceTree = "<group>";
		};
		3BCBBB0A214A152700212930 /* Frameworks */ = {
			isa = PBXGroup;
			children = (
				3BCBBB54214A37DD00212930 /* ARingiOS.framework */,
				3BCBBB31214A16CD00212930 /* Accelerate.framework */,
				3BCBBB2B214A16CD00212930 /* AssetsLibrary.framework */,
				3BCBBB2A214A16CD00212930 /* AVFoundation.framework */,
				3BCBBB2C214A16CD00212930 /* CoreFoundation.framework */,
				3BCBBB29214A16CD00212930 /* CoreGraphics.framework */,
				3BCBBB32214A16CE00212930 /* CoreImage.framework */,
				3BCBBB2D214A16CD00212930 /* CoreMedia.framework */,
				3BCBBB2E214A16CD00212930 /* CoreVideo.framework */,
				3BCBBB2F214A16CD00212930 /* Foundation.framework */,
				3BCBBB30214A16CD00212930 /* QuartzCore.framework */,
				3BCBBB27214A16A500212930 /* opencv2.framework */,
			);
			name = Frameworks;
			sourceTree = "<group>";
		};
/* End PBXGroup section */

/* Begin PBXNativeTarget section */
		3BCBBAF4214A14B900212930 /* Tutorial */ = {
			isa = PBXNativeTarget;
			buildConfigurationList = 3BCBBB07214A14BB00212930 /* Build configuration list for PBXNativeTarget "Tutorial" */;
			buildPhases = (
				3BCBBAF1214A14B900212930 /* Sources */,
				3BCBBAF2214A14B900212930 /* Frameworks */,
				3BCBBAF3214A14B900212930 /* Resources */,
				3BCBBB57214A37DD00212930 /* Embed Frameworks */,
			);
			buildRules = (
			);
			dependencies = (
			);
			name = Tutorial;
			productName = Tutorial;
			productReference = 3BCBBAF5214A14B900212930 /* Tutorial.app */;
			productType = "com.apple.product-type.application";
		};
/* End PBXNativeTarget section */

/* Begin PBXProject section */
		3BCBBAED214A14B900212930 /* Project object */ = {
			isa = PBXProject;
			attributes = {
				LastSwiftUpdateCheck = 0940;
				LastUpgradeCheck = 0940;
				ORGANIZATIONNAME = deepixel;
				TargetAttributes = {
					3BCBBAF4214A14B900212930 = {
						CreatedOnToolsVersion = 9.4.1;
						LastSwiftMigration = 0940;
					};
				};
			};
			buildConfigurationList = 3BCBBAF0214A14B900212930 /* Build configuration list for PBXProject "Tutorial" */;
			compatibilityVersion = "Xcode 9.3";
			developmentRegion = en;
			hasScannedForEncodings = 0;
			knownRegions = (
				en,
				Base,
			);
			mainGroup = 3BCBBAEC214A14B900212930;
			productRefGroup = 3BCBBAF6214A14B900212930 /* Products */;
			projectDirPath = "";
			projectRoot = "";
			targets = (
				3BCBBAF4214A14B900212930 /* Tutorial */,
			);
		};
/* End PBXProject section */

/* Begin PBXResourcesBuildPhase section */
		3BCBBAF3214A14B900212930 /* Resources */ = {
			isa = PBXResourcesBuildPhase;
			buildActionMask = 2147483647;
			files = (
				3BCBBB03214A14BB00212930 /* LaunchScreen.storyboard in Resources */,
				3BCBBB48214A32D500212930 /* bvlgari_earing.png in Resources */,
				3BCBBB00214A14BB00212930 /* Assets.xcassets in Resources */,
				3BCBBAFE214A14B900212930 /* Main.storyboard in Resources */,
			);
			runOnlyForDeploymentPostprocessing = 0;
		};
/* End PBXResourcesBuildPhase section */

/* Begin PBXSourcesBuildPhase section */
		3BCBBAF1214A14B900212930 /* Sources */ = {
			isa = PBXSourcesBuildPhase;
			buildActionMask = 2147483647;
			files = (
				3BCBBB46214A25E600212930 /* VideoSource.mm in Sources */,
				3BCBBB45214A25E600212930 /* FrameProcessor.mm in Sources */,
				3BCBBB40214A1C7F00212930 /* TutorialWrapper.mm in Sources */,
				3BCBBAFB214A14B900212930 /* ViewController.swift in Sources */,
				3BCBBAF9214A14B900212930 /* AppDelegate.swift in Sources */,
			);
			runOnlyForDeploymentPostprocessing = 0;
		};
/* End PBXSourcesBuildPhase section */

/* Begin PBXVariantGroup section */
		3BCBBAFC214A14B900212930 /* Main.storyboard */ = {
			isa = PBXVariantGroup;
			children = (
				3BCBBAFD214A14B900212930 /* Base */,
			);
			name = Main.storyboard;
			sourceTree = "<group>";
		};
		3BCBBB01214A14BB00212930 /* LaunchScreen.storyboard */ = {
			isa = PBXVariantGroup;
			children = (
				3BCBBB02214A14BB00212930 /* Base */,
			);
			name = LaunchScreen.storyboard;
			sourceTree = "<group>";
		};
/* End PBXVariantGroup section */

/* Begin XCBuildConfiguration section */
		3BCBBB05214A14BB00212930 /* Debug */ = {
			isa = XCBuildConfiguration;
			buildSettings = {
				ALWAYS_SEARCH_USER_PATHS = NO;
				CLANG_ANALYZER_NONNULL = YES;
				CLANG_ANALYZER_NUMBER_OBJECT_CONVERSION = YES_AGGRESSIVE;
				CLANG_CXX_LANGUAGE_STANDARD = "gnu++14";
				CLANG_CXX_LIBRARY = "libc++";
				CLANG_ENABLE_MODULES = YES;
				CLANG_ENABLE_OBJC_ARC = YES;
				CLANG_ENABLE_OBJC_WEAK = YES;
				CLANG_WARN_BLOCK_CAPTURE_AUTORELEASING = YES;
				CLANG_WARN_BOOL_CONVERSION = YES;
				CLANG_WARN_COMMA = YES;
				CLANG_WARN_CONSTANT_CONVERSION = YES;
				CLANG_WARN_DEPRECATED_OBJC_IMPLEMENTATIONS = YES;
				CLANG_WARN_DIRECT_OBJC_ISA_USAGE = YES_ERROR;
				CLANG_WARN_DOCUMENTATION_COMMENTS = YES;
				CLANG_WARN_EMPTY_BODY = YES;
				CLANG_WARN_ENUM_CONVERSION = YES;
				CLANG_WARN_INFINITE_RECURSION = YES;
				CLANG_WARN_INT_CONVERSION = YES;
				CLANG_WARN_NON_LITERAL_NULL_CONVERSION = YES;
				CLANG_WARN_OBJC_IMPLICIT_RETAIN_SELF = YES;
				CLANG_WARN_OBJC_LITERAL_CONVERSION = YES;
				CLANG_WARN_OBJC_ROOT_CLASS = YES_ERROR;
				CLANG_WARN_RANGE_LOOP_ANALYSIS = YES;
				CLANG_WARN_STRICT_PROTOTYPES = YES;
				CLANG_WARN_SUSPICIOUS_MOVE = YES;
				CLANG_WARN_UNGUARDED_AVAILABILITY = YES_AGGRESSIVE;
				CLANG_WARN_UNREACHABLE_CODE = YES;
				CLANG_WARN__DUPLICATE_METHOD_MATCH = YES;
				CODE_SIGN_IDENTITY = "iPhone Developer";
				COPY_PHASE_STRIP = NO;
				DEBUG_INFORMATION_FORMAT = dwarf;
				ENABLE_STRICT_OBJC_MSGSEND = YES;
				ENABLE_TESTABILITY = YES;
				GCC_C_LANGUAGE_STANDARD = gnu11;
				GCC_DYNAMIC_NO_PIC = NO;
				GCC_NO_COMMON_BLOCKS = YES;
				GCC_OPTIMIZATION_LEVEL = 0;
				GCC_PREPROCESSOR_DEFINITIONS = (
					"DEBUG=1",
					"$(inherited)",
				);
				GCC_WARN_64_TO_32_BIT_CONVERSION = YES;
				GCC_WARN_ABOUT_RETURN_TYPE = YES_ERROR;
				GCC_WARN_UNDECLARED_SELECTOR = YES;
				GCC_WARN_UNINITIALIZED_AUTOS = YES_AGGRESSIVE;
				GCC_WARN_UNUSED_FUNCTION = YES;
				GCC_WARN_UNUSED_VARIABLE = YES;
				IPHONEOS_DEPLOYMENT_TARGET = 11.4;
				MTL_ENABLE_DEBUG_INFO = YES;
				ONLY_ACTIVE_ARCH = YES;
				SDKROOT = iphoneos;
				SWIFT_ACTIVE_COMPILATION_CONDITIONS = DEBUG;
				SWIFT_OPTIMIZATION_LEVEL = "-Onone";
			};
			name = Debug;
		};
		3BCBBB06214A14BB00212930 /* Release */ = {
			isa = XCBuildConfiguration;
			buildSettings = {
				ALWAYS_SEARCH_USER_PATHS = NO;
				CLANG_ANALYZER_NONNULL = YES;
				CLANG_ANALYZER_NUMBER_OBJECT_CONVERSION = YES_AGGRESSIVE;
				CLANG_CXX_LANGUAGE_STANDARD = "gnu++14";
				CLANG_CXX_LIBRARY = "libc++";
				CLANG_ENABLE_MODULES = YES;
				CLANG_ENABLE_OBJC_ARC = YES;
				CLANG_ENABLE_OBJC_WEAK = YES;
				CLANG_WARN_BLOCK_CAPTURE_AUTORELEASING = YES;
				CLANG_WARN_BOOL_CONVERSION = YES;
				CLANG_WARN_COMMA = YES;
				CLANG_WARN_CONSTANT_CONVERSION = YES;
				CLANG_WARN_DEPRECATED_OBJC_IMPLEMENTATIONS = YES;
				CLANG_WARN_DIRECT_OBJC_ISA_USAGE = YES_ERROR;
				CLANG_WARN_DOCUMENTATION_COMMENTS = YES;
				CLANG_WARN_EMPTY_BODY = YES;
				CLANG_WARN_ENUM_CONVERSION = YES;
				CLANG_WARN_INFINITE_RECURSION = YES;
				CLANG_WARN_INT_CONVERSION = YES;
				CLANG_WARN_NON_LITERAL_NULL_CONVERSION = YES;
				CLANG_WARN_OBJC_IMPLICIT_RETAIN_SELF = YES;
				CLANG_WARN_OBJC_LITERAL_CONVERSION = YES;
				CLANG_WARN_OBJC_ROOT_CLASS = YES_ERROR;
				CLANG_WARN_RANGE_LOOP_ANALYSIS = YES;
				CLANG_WARN_STRICT_PROTOTYPES = YES;
				CLANG_WARN_SUSPICIOUS_MOVE = YES;
				CLANG_WARN_UNGUARDED_AVAILABILITY = YES_AGGRESSIVE;
				CLANG_WARN_UNREACHABLE_CODE = YES;
				CLANG_WARN__DUPLICATE_METHOD_MATCH = YES;
				CODE_SIGN_IDENTITY = "iPhone Developer";
				COPY_PHASE_STRIP = NO;
				DEBUG_INFORMATION_FORMAT = "dwarf-with-dsym";
				ENABLE_NS_ASSERTIONS = NO;
				ENABLE_STRICT_OBJC_MSGSEND = YES;
				GCC_C_LANGUAGE_STANDARD = gnu11;
				GCC_NO_COMMON_BLOCKS = YES;
				GCC_WARN_64_TO_32_BIT_CONVERSION = YES;
				GCC_WARN_ABOUT_RETURN_TYPE = YES_ERROR;
				GCC_WARN_UNDECLARED_SELECTOR = YES;
				GCC_WARN_UNINITIALIZED_AUTOS = YES_AGGRESSIVE;
				GCC_WARN_UNUSED_FUNCTION = YES;
				GCC_WARN_UNUSED_VARIABLE = YES;
				IPHONEOS_DEPLOYMENT_TARGET = 11.4;
				MTL_ENABLE_DEBUG_INFO = NO;
				SDKROOT = iphoneos;
				SWIFT_COMPILATION_MODE = wholemodule;
				SWIFT_OPTIMIZATION_LEVEL = "-O";
				VALIDATE_PRODUCT = YES;
			};
			name = Release;
		};
		3BCBBB08214A14BB00212930 /* Debug */ = {
			isa = XCBuildConfiguration;
			buildSettings = {
				ASSETCATALOG_COMPILER_APPICON_NAME = AppIcon;
				CLANG_ENABLE_MODULES = YES;
				CODE_SIGN_STYLE = Automatic;
				COMPRESS_PNG_FILES = NO;
				DEVELOPMENT_TEAM = XA48Z8747U;
				FRAMEWORK_SEARCH_PATHS = (
					"$(inherited)",
					"$(PROJECT_DIR)",
				);
				INFOPLIST_FILE = Tutorial/Info.plist;
				IPHONEOS_DEPLOYMENT_TARGET = 8.0;
				LD_RUNPATH_SEARCH_PATHS = (
					"$(inherited)",
					"@executable_path/Frameworks",
				);
				PRODUCT_BUNDLE_IDENTIFIER = xyz.deepixel.tutorial;
				PRODUCT_NAME = "$(TARGET_NAME)";
				STRIP_PNG_TEXT = NO;
				SWIFT_OBJC_BRIDGING_HEADER = "Tutorial/Tutorial-Bridging-Header.h";
				SWIFT_OPTIMIZATION_LEVEL = "-Onone";
				SWIFT_VERSION = 4.0;
				TARGETED_DEVICE_FAMILY = "1,2";
			};
			name = Debug;
		};
		3BCBBB09214A14BB00212930 /* Release */ = {
			isa = XCBuildConfiguration;
			buildSettings = {
				ASSETCATALOG_COMPILER_APPICON_NAME = AppIcon;
				CLANG_ENABLE_MODULES = YES;
				CODE_SIGN_STYLE = Automatic;
				COMPRESS_PNG_FILES = NO;
				DEVELOPMENT_TEAM = XA48Z8747U;
				FRAMEWORK_SEARCH_PATHS = (
					"$(inherited)",
					"$(PROJECT_DIR)",
				);
				INFOPLIST_FILE = Tutorial/Info.plist;
				IPHONEOS_DEPLOYMENT_TARGET = 8.0;
				LD_RUNPATH_SEARCH_PATHS = (
					"$(inherited)",
					"@executable_path/Frameworks",
				);
				PRODUCT_BUNDLE_IDENTIFIER = xyz.deepixel.tutorial;
				PRODUCT_NAME = "$(TARGET_NAME)";
				STRIP_PNG_TEXT = NO;
				SWIFT_OBJC_BRIDGING_HEADER = "Tutorial/Tutorial-Bridging-Header.h";
				SWIFT_VERSION = 4.0;
				TARGETED_DEVICE_FAMILY = "1,2";
			};
			name = Release;
		};
/* End XCBuildConfiguration section */

/* Begin XCConfigurationList section */
		3BCBBAF0214A14B900212930 /* Build configuration list for PBXProject "Tutorial" */ = {
			isa = XCConfigurationList;
			buildConfigurations = (
				3BCBBB05214A14BB00212930 /* Debug */,
				3BCBBB06214A14BB00212930 /* Release */,
			);
			defaultConfigurationIsVisible = 0;
			defaultConfigurationName = Release;
		};
		3BCBBB07214A14BB00212930 /* Build configuration list for PBXNativeTarget "Tutorial" */ = {
			isa = XCConfigurationList;
			buildConfigurations = (
				3BCBBB08214A14BB00212930 /* Debug */,
				3BCBBB09214A14BB00212930 /* Release */,
			);
			defaultConfigurationIsVisible = 0;
			defaultConfigurationName = Release;
		};
/* End XCConfigurationList section */
	};
	rootObject = 3BCBBAED214A14B900212930 /* Project object */;
}
